
Microsoft Visual Studio Solution File, Format Version 12.00
# Visual Studio Version 17
VisualStudioVersion = 17.9.34607.119
MinimumVisualStudioVersion = 10.0.40219.1
Project("{FAE04EC0-301F-11D3-BF4B-00C04F79EFBC}") = "KnowledgeQuizz", "KnowledgeQuizz\KnowledgeQuizz.csproj", "{4500A7E9-997B-471F-9774-AA13CEFD3774}"
EndProject
Global
	GlobalSection(SolutionConfigurationPlatforms) = preSolution
		Debug|Any CPU = Debug|Any CPU
		Release|Any CPU = Release|Any CPU
	EndGlobalSection
	GlobalSection(ProjectConfigurationPlatforms) = postSolution
		{4500A7E9-997B-471F-9774-AA13CEFD3774}.Debug|Any CPU.ActiveCfg = Debug|Any CPU
		{4500A7E9-997B-471F-9774-AA13CEFD3774}.Debug|Any CPU.Build.0 = Debug|Any CPU
		{4500A7E9-997B-471F-9774-AA13CEFD3774}.Release|Any CPU.ActiveCfg = Release|Any CPU
		{4500A7E9-997B-471F-9774-AA13CEFD3774}.Release|Any CPU.Build.0 = Release|Any CPU
	EndGlobalSection
	GlobalSection(SolutionProperties) = preSolution
		HideSolutionNode = FALSE
	EndGlobalSection
	GlobalSection(ExtensibilityGlobals) = postSolution
		SolutionGuid = {1420E455-0818-4171-9ABB-F808CEC797F9}
	EndGlobalSection
EndGlobal
